
Microsoft Visual Studio Solution File, Format Version 11.00
# Visual Studio 2010
Project("{FAE04EC0-301F-11D3-BF4B-00C04F79EFBC}") = "Guesser", "Guesser\Guesser.csproj", "{01294CB0-ADF6-4F53-9744-1450A251B00F}"
EndProject
Global
	GlobalSection(SolutionConfigurationPlatforms) = preSolution
		Debug|x86 = Debug|x86
		Release|x86 = Release|x86
	EndGlobalSection
	GlobalSection(ProjectConfigurationPlatforms) = postSolution
		{01294CB0-ADF6-4F53-9744-1450A251B00F}.Debug|x86.ActiveCfg = Debug|x86
		{01294CB0-ADF6-4F53-9744-1450A251B00F}.Debug|x86.Build.0 = Debug|x86
		{01294CB0-ADF6-4F53-9744-1450A251B00F}.Release|x86.ActiveCfg = Release|x86
		{01294CB0-ADF6-4F53-9744-1450A251B00F}.Release|x86.Build.0 = Release|x86
	EndGlobalSection
	GlobalSection(SolutionProperties) = preSolution
		HideSolutionNode = FALSE
	EndGlobalSection
EndGlobal
